// !$*UTF8*$!
{
	archiveVersion = 1;
	classes = {
	};
	objectVersion = 46;
	objects = {

/* Begin PBXBuildFile section */
		8383075A1CBA40FB005A2EDB /* main.m in Sources */ = {isa = PBXBuildFile; fileRef = 838307591CBA40FB005A2EDB /* main.m */; };
		8383075D1CBA40FB005A2EDB /* AppDelegate.m in Sources */ = {isa = PBXBuildFile; fileRef = 8383075C1CBA40FB005A2EDB /* AppDelegate.m */; };
		838307601CBA40FB005A2EDB /* ViewController.m in Sources */ = {isa = PBXBuildFile; fileRef = 8383075F1CBA40FB005A2EDB /* ViewController.m */; };
		838307631CBA40FB005A2EDB /* Main.storyboard in Resources */ = {isa = PBXBuildFile; fileRef = 838307611CBA40FB005A2EDB /* Main.storyboard */; };
		838307651CBA40FB005A2EDB /* Assets.xcassets in Resources */ = {isa = PBXBuildFile; fileRef = 838307641CBA40FB005A2EDB /* Assets.xcassets */; };
		838307681CBA40FB005A2EDB /* LaunchScreen.storyboard in Resources */ = {isa = PBXBuildFile; fileRef = 838307661CBA40FB005A2EDB /* LaunchScreen.storyboard */; };
		838307721CBA4269005A2EDB /* RHCarouselView.m in Sources */ = {isa = PBXBuildFile; fileRef = 838307711CBA4269005A2EDB /* RHCarouselView.m */; };
		838307751CBA4347005A2EDB /* RHPageCarouselView.m in Sources */ = {isa = PBXBuildFile; fileRef = 838307741CBA4347005A2EDB /* RHPageCarouselView.m */; };
		8383077C1CBA4B4A005A2EDB /* img1.png in Resources */ = {isa = PBXBuildFile; fileRef = 8383077A1CBA4B4A005A2EDB /* img1.png */; };
		8383077D1CBA4B4A005A2EDB /* img2.png in Resources */ = {isa = PBXBuildFile; fileRef = 8383077B1CBA4B4A005A2EDB /* img2.png */; };
/* End PBXBuildFile section */

/* Begin PBXFileReference section */
		838307551CBA40FB005A2EDB /* RHCarouselViewDemo.app */ = {isa = PBXFileReference; explicitFileType = wrapper.application; includeInIndex = 0; path = RHCarouselViewDemo.app; sourceTree = BUILT_PRODUCTS_DIR; };
		838307591CBA40FB005A2EDB /* main.m */ = {isa = PBXFileReference; lastKnownFileType = sourcecode.c.objc; path = main.m; sourceTree = "<group>"; };
		8383075B1CBA40FB005A2EDB /* AppDelegate.h */ = {isa = PBXFileReference; lastKnownFileType = sourcecode.c.h; path = AppDelegate.h; sourceTree = "<group>"; };
		8383075C1CBA40FB005A2EDB /* AppDelegate.m */ = {isa = PBXFileReference; lastKnownFileType = sourcecode.c.objc; path = AppDelegate.m; sourceTree = "<group>"; };
		8383075E1CBA40FB005A2EDB /* ViewController.h */ = {isa = PBXFileReference; lastKnownFileType = sourcecode.c.h; path = ViewController.h; sourceTree = "<group>"; };
		8383075F1CBA40FB005A2EDB /* ViewController.m */ = {isa = PBXFileReference; lastKnownFileType = sourcecode.c.objc; path = ViewController.m; sourceTree = "<group>"; };
		838307621CBA40FB005A2EDB /* Base */ = {isa = PBXFileReference; lastKnownFileType = file.storyboard; name = Base; path = Base.lproj/Main.storyboard; sourceTree = "<group>"; };
		838307641CBA40FB005A2EDB /* Assets.xcassets */ = {isa = PBXFileReference; lastKnownFileType = folder.assetcatalog; path = Assets.xcassets; sourceTree = "<group>"; };
		838307671CBA40FB005A2EDB /* Base */ = {isa = PBXFileReference; lastKnownFileType = file.storyboard; name = Base; path = Base.lproj/LaunchScreen.storyboard; sourceTree = "<group>"; };
		838307691CBA40FB005A2EDB /* Info.plist */ = {isa = PBXFileReference; lastKnownFileType = text.plist.xml; path = Info.plist; sourceTree = "<group>"; };
		838307701CBA4269005A2EDB /* RHCarouselView.h */ = {isa = PBXFileReference; fileEncoding = 4; lastKnownFileType = sourcecode.c.h; path = RHCarouselView.h; sourceTree = "<group>"; };
		838307711CBA4269005A2EDB /* RHCarouselView.m */ = {isa = PBXFileReference; fileEncoding = 4; lastKnownFileType = sourcecode.c.objc; path = RHCarouselView.m; sourceTree = "<group>"; };
		838307731CBA4347005A2EDB /* RHPageCarouselView.h */ = {isa = PBXFileReference; fileEncoding = 4; lastKnownFileType = sourcecode.c.h; path = RHPageCarouselView.h; sourceTree = "<group>"; };
		838307741CBA4347005A2EDB /* RHPageCarouselView.m */ = {isa = PBXFileReference; fileEncoding = 4; lastKnownFileType = sourcecode.c.objc; path = RHPageCarouselView.m; sourceTree = "<group>"; };
		8383077A1CBA4B4A005A2EDB /* img1.png */ = {isa = PBXFileReference; lastKnownFileType = image.png; path = img1.png; sourceTree = "<group>"; };
		8383077B1CBA4B4A005A2EDB /* img2.png */ = {isa = PBXFileReference; lastKnownFileType = image.png; path = img2.png; sourceTree = "<group>"; };
/* End PBXFileReference section */

/* Begin PBXFrameworksBuildPhase section */
		838307521CBA40FB005A2EDB /* Frameworks */ = {
			isa = PBXFrameworksBuildPhase;
			buildActionMask = 2147483647;
			files = (
			);
			runOnlyForDeploymentPostprocessing = 0;
		};
/* End PBXFrameworksBuildPhase section */

/* Begin PBXGroup section */
		8383074C1CBA40FB005A2EDB = {
			isa = PBXGroup;
			children = (
				838307571CBA40FB005A2EDB /* RHCarouselViewDemo */,
				838307561CBA40FB005A2EDB /* Products */,
			);
			sourceTree = "<group>";
		};
		838307561CBA40FB005A2EDB /* Products */ = {
			isa = PBXGroup;
			children = (
				838307551CBA40FB005A2EDB /* RHCarouselViewDemo.app */,
			);
			name = Products;
			sourceTree = "<group>";
		};
		838307571CBA40FB005A2EDB /* RHCarouselViewDemo */ = {
			isa = PBXGroup;
			children = (
				8383077A1CBA4B4A005A2EDB /* img1.png */,
				8383077B1CBA4B4A005A2EDB /* img2.png */,
				8383076F1CBA4269005A2EDB /* RHCarouselView */,
				8383075B1CBA40FB005A2EDB /* AppDelegate.h */,
				8383075C1CBA40FB005A2EDB /* AppDelegate.m */,
				8383075E1CBA40FB005A2EDB /* ViewController.h */,
				8383075F1CBA40FB005A2EDB /* ViewController.m */,
				838307611CBA40FB005A2EDB /* Main.storyboard */,
				838307641CBA40FB005A2EDB /* Assets.xcassets */,
				838307661CBA40FB005A2EDB /* LaunchScreen.storyboard */,
				838307691CBA40FB005A2EDB /* Info.plist */,
				838307581CBA40FB005A2EDB /* Supporting Files */,
			);
			path = RHCarouselViewDemo;
			sourceTree = "<group>";
		};
		838307581CBA40FB005A2EDB /* Supporting Files */ = {
			isa = PBXGroup;
			children = (
				838307591CBA40FB005A2EDB /* main.m */,
			);
			name = "Supporting Files";
			sourceTree = "<group>";
		};
		8383076F1CBA4269005A2EDB /* RHCarouselView */ = {
			isa = PBXGroup;
			children = (
				838307701CBA4269005A2EDB /* RHCarouselView.h */,
				838307711CBA4269005A2EDB /* RHCarouselView.m */,
				838307731CBA4347005A2EDB /* RHPageCarouselView.h */,
				838307741CBA4347005A2EDB /* RHPageCarouselView.m */,
			);
			name = RHCarouselView;
			path = ../../RHCarouselView;
			sourceTree = "<group>";
		};
/* End PBXGroup section */

/* Begin PBXNativeTarget section */
		838307541CBA40FB005A2EDB /* RHCarouselViewDemo */ = {
			isa = PBXNativeTarget;
			buildConfigurationList = 8383076C1CBA40FB005A2EDB /* Build configuration list for PBXNativeTarget "RHCarouselViewDemo" */;
			buildPhases = (
				838307511CBA40FB005A2EDB /* Sources */,
				838307521CBA40FB005A2EDB /* Frameworks */,
				838307531CBA40FB005A2EDB /* Resources */,
			);
			buildRules = (
			);
			dependencies = (
			);
			name = RHCarouselViewDemo;
			productName = RHCarouselViewDemo;
			productReference = 838307551CBA40FB005A2EDB /* RHCarouselViewDemo.app */;
			productType = "com.apple.product-type.application";
		};
/* End PBXNativeTarget section */

/* Begin PBXProject section */
		8383074D1CBA40FB005A2EDB /* Project object */ = {
			isa = PBXProject;
			attributes = {
				LastUpgradeCheck = 0720;
				ORGANIZATIONNAME = zhuruhong;
				TargetAttributes = {
					838307541CBA40FB005A2EDB = {
						CreatedOnToolsVersion = 7.2;
						DevelopmentTeam = 764XM498XX;
					};
				};
			};
			buildConfigurationList = 838307501CBA40FB005A2EDB /* Build configuration list for PBXProject "RHCarouselViewDemo" */;
			compatibilityVersion = "Xcode 3.2";
			developmentRegion = English;
			hasScannedForEncodings = 0;
			knownRegions = (
				en,
				Base,
			);
			mainGroup = 8383074C1CBA40FB005A2EDB;
			productRefGroup = 838307561CBA40FB005A2EDB /* Products */;
			projectDirPath = "";
			projectRoot = "";
			targets = (
				838307541CBA40FB005A2EDB /* RHCarouselViewDemo */,
			);
		};
/* End PBXProject section */

/* Begin PBXResourcesBuildPhase section */
		838307531CBA40FB005A2EDB /* Resources */ = {
			isa = PBXResourcesBuildPhase;
			buildActionMask = 2147483647;
			files = (
				838307681CBA40FB005A2EDB /* LaunchScreen.storyboard in Resources */,
				8383077D1CBA4B4A005A2EDB /* img2.png in Resources */,
				8383077C1CBA4B4A005A2EDB /* img1.png in Resources */,
				838307651CBA40FB005A2EDB /* Assets.xcassets in Resources */,
				838307631CBA40FB005A2EDB /* Main.storyboard in Resources */,
			);
			runOnlyForDeploymentPostprocessing = 0;
		};
/* End PBXResourcesBuildPhase section */

/* Begin PBXSourcesBuildPhase section */
		838307511CBA40FB005A2EDB /* Sources */ = {
			isa = PBXSourcesBuildPhase;
			buildActionMask = 2147483647;
			files = (
				838307601CBA40FB005A2EDB /* ViewController.m in Sources */,
				8383075D1CBA40FB005A2EDB /* AppDelegate.m in Sources */,
				838307751CBA4347005A2EDB /* RHPageCarouselView.m in Sources */,
				838307721CBA4269005A2EDB /* RHCarouselView.m in Sources */,
				8383075A1CBA40FB005A2EDB /* main.m in Sources */,
			);
			runOnlyForDeploymentPostprocessing = 0;
		};
/* End PBXSourcesBuildPhase section */

/* Begin PBXVariantGroup section */
		838307611CBA40FB005A2EDB /* Main.storyboard */ = {
			isa = PBXVariantGroup;
			children = (
				838307621CBA40FB005A2EDB /* Base */,
			);
			name = Main.storyboard;
			sourceTree = "<group>";
		};
		838307661CBA40FB005A2EDB /* LaunchScreen.storyboard */ = {
			isa = PBXVariantGroup;
			children = (
				838307671CBA40FB005A2EDB /* Base */,
			);
			name = LaunchScreen.storyboard;
			sourceTree = "<group>";
		};
/* End PBXVariantGroup section */

/* Begin XCBuildConfiguration section */
		8383076A1CBA40FB005A2EDB /* Debug */ = {
			isa = XCBuildConfiguration;
			buildSettings = {
				ALWAYS_SEARCH_USER_PATHS = NO;
				CLANG_CXX_LANGUAGE_STANDARD = "gnu++0x";
				CLANG_CXX_LIBRARY = "libc++";
				CLANG_ENABLE_MODULES = YES;
				CLANG_ENABLE_OBJC_ARC = YES;
				CLANG_WARN_BOOL_CONVERSION = YES;
				CLANG_WARN_CONSTANT_CONVERSION = YES;
				CLANG_WARN_DIRECT_OBJC_ISA_USAGE = YES_ERROR;
				CLANG_WARN_EMPTY_BODY = YES;
				CLANG_WARN_ENUM_CONVERSION = YES;
				CLANG_WARN_INT_CONVERSION = YES;
				CLANG_WARN_OBJC_ROOT_CLASS = YES_ERROR;
				CLANG_WARN_UNREACHABLE_CODE = YES;
				CLANG_WARN__DUPLICATE_METHOD_MATCH = YES;
				"CODE_SIGN_IDENTITY[sdk=iphoneos*]" = "iPhone Developer";
				COPY_PHASE_STRIP = NO;
				DEBUG_INFORMATION_FORMAT = dwarf;
				ENABLE_STRICT_OBJC_MSGSEND = YES;
				ENABLE_TESTABILITY = YES;
				GCC_C_LANGUAGE_STANDARD = gnu99;
				GCC_DYNAMIC_NO_PIC = NO;
				GCC_NO_COMMON_BLOCKS = YES;
				GCC_OPTIMIZATION_LEVEL = 0;
				GCC_PREPROCESSOR_DEFINITIONS = (
					"DEBUG=1",
					"$(inherited)",
				);
				GCC_WARN_64_TO_32_BIT_CONVERSION = YES;
				GCC_WARN_ABOUT_RETURN_TYPE = YES_ERROR;
				GCC_WARN_UNDECLARED_SELECTOR = YES;
				GCC_WARN_UNINITIALIZED_AUTOS = YES_AGGRESSIVE;
				GCC_WARN_UNUSED_FUNCTION = YES;
				GCC_WARN_UNUSED_VARIABLE = YES;
				IPHONEOS_DEPLOYMENT_TARGET = 9.2;
				MTL_ENABLE_DEBUG_INFO = YES;
				ONLY_ACTIVE_ARCH = YES;
				SDKROOT = iphoneos;
				TARGETED_DEVICE_FAMILY = "1,2";
			};
			name = Debug;
		};
		8383076B1CBA40FB005A2EDB /* Release */ = {
			isa = XCBuildConfiguration;
			buildSettings = {
				ALWAYS_SEARCH_USER_PATHS = NO;
				CLANG_CXX_LANGUAGE_STANDARD = "gnu++0x";
				CLANG_CXX_LIBRARY = "libc++";
				CLANG_ENABLE_MODULES = YES;
				CLANG_ENABLE_OBJC_ARC = YES;
				CLANG_WARN_BOOL_CONVERSION = YES;
				CLANG_WARN_CONSTANT_CONVERSION = YES;
				CLANG_WARN_DIRECT_OBJC_ISA_USAGE = YES_ERROR;
				CLANG_WARN_EMPTY_BODY = YES;
				CLANG_WARN_ENUM_CONVERSION = YES;
				CLANG_WARN_INT_CONVERSION = YES;
				CLANG_WARN_OBJC_ROOT_CLASS = YES_ERROR;
				CLANG_WARN_UNREACHABLE_CODE = YES;
				CLANG_WARN__DUPLICATE_METHOD_MATCH = YES;
				"CODE_SIGN_IDENTITY[sdk=iphoneos*]" = "iPhone Developer";
				COPY_PHASE_STRIP = NO;
				DEBUG_INFORMATION_FORMAT = "dwarf-with-dsym";
				ENABLE_NS_ASSERTIONS = NO;
				ENABLE_STRICT_OBJC_MSGSEND = YES;
				GCC_C_LANGUAGE_STANDARD = gnu99;
				GCC_NO_COMMON_BLOCKS = YES;
				GCC_WARN_64_TO_32_BIT_CONVERSION = YES;
				GCC_WARN_ABOUT_RETURN_TYPE = YES_ERROR;
				GCC_WARN_UNDECLARED_SELECTOR = YES;
				GCC_WARN_UNINITIALIZED_AUTOS = YES_AGGRESSIVE;
				GCC_WARN_UNUSED_FUNCTION = YES;
				GCC_WARN_UNUSED_VARIABLE = YES;
				IPHONEOS_DEPLOYMENT_TARGET = 9.2;
				MTL_ENABLE_DEBUG_INFO = NO;
				SDKROOT = iphoneos;
				TARGETED_DEVICE_FAMILY = "1,2";
				VALIDATE_PRODUCT = YES;
			};
			name = Release;
		};
		8383076D1CBA40FB005A2EDB /* Debug */ = {
			isa = XCBuildConfiguration;
			buildSettings = {
				ASSETCATALOG_COMPILER_APPICON_NAME = AppIcon;
				INFOPLIST_FILE = RHCarouselViewDemo/Info.plist;
				LD_RUNPATH_SEARCH_PATHS = "$(inherited) @executable_path/Frameworks";
				PRODUCT_BUNDLE_IDENTIFIER = com.zrh.RHCarouselViewDemo;
				PRODUCT_NAME = "$(TARGET_NAME)";
			};
			name = Debug;
		};
		8383076E1CBA40FB005A2EDB /* Release */ = {
			isa = XCBuildConfiguration;
			buildSettings = {
				ASSETCATALOG_COMPILER_APPICON_NAME = AppIcon;
				INFOPLIST_FILE = RHCarouselViewDemo/Info.plist;
				LD_RUNPATH_SEARCH_PATHS = "$(inherited) @executable_path/Frameworks";
				PRODUCT_BUNDLE_IDENTIFIER = com.zrh.RHCarouselViewDemo;
				PRODUCT_NAME = "$(TARGET_NAME)";
			};
			name = Release;
		};
/* End XCBuildConfiguration section */

/* Begin XCConfigurationList section */
		838307501CBA40FB005A2EDB /* Build configuration list for PBXProject "RHCarouselViewDemo" */ = {
			isa = XCConfigurationList;
			buildConfigurations = (
				8383076A1CBA40FB005A2EDB /* Debug */,
				8383076B1CBA40FB005A2EDB /* Release */,
			);
			defaultConfigurationIsVisible = 0;
			defaultConfigurationName = Release;
		};
		8383076C1CBA40FB005A2EDB /* Build configuration list for PBXNativeTarget "RHCarouselViewDemo" */ = {
			isa = XCConfigurationList;
			buildConfigurations = (
				8383076D1CBA40FB005A2EDB /* Debug */,
				8383076E1CBA40FB005A2EDB /* Release */,
			);
			defaultConfigurationIsVisible = 0;
			defaultConfigurationName = Release;
		};
/* End XCConfigurationList section */
	};
	rootObject = 8383074D1CBA40FB005A2EDB /* Project object */;
}
